
Microsoft Visual Studio Solution File, Format Version 12.00
# Visual Studio Version 17
VisualStudioVersion = 17.9.34728.123
MinimumVisualStudioVersion = 10.0.40219.1
Project("{888888A0-9F3D-457C-B088-3A5042F75D52}") = "discord", "discord\discord.pyproj", "{E6CACC0F-E4C2-4197-94C3-E71F94E24C40}"
EndProject
Global
	GlobalSection(SolutionConfigurationPlatforms) = preSolution
		Debug|Any CPU = Debug|Any CPU
		Release|Any CPU = Release|Any CPU
	EndGlobalSection
	GlobalSection(ProjectConfigurationPlatforms) = postSolution
		{E6CACC0F-E4C2-4197-94C3-E71F94E24C40}.Debug|Any CPU.ActiveCfg = Debug|Any CPU
		{E6CACC0F-E4C2-4197-94C3-E71F94E24C40}.Release|Any CPU.ActiveCfg = Release|Any CPU
	EndGlobalSection
	GlobalSection(SolutionProperties) = preSolution
		HideSolutionNode = FALSE
	EndGlobalSection
	GlobalSection(ExtensibilityGlobals) = postSolution
		SolutionGuid = {868BE5E2-DCF9-41D0-B6CA-67886A849E74}
	EndGlobalSection
EndGlobal
